
Microsoft Visual Studio Solution File, Format Version 12.00
# Visual Studio Version 17
VisualStudioVersion = 17.14.36518.9
MinimumVisualStudioVersion = 10.0.40219.1
Project("{FAE04EC0-301F-11D3-BF4B-00C04F79EFBC}") = "ExaminationSystem_API", "ExaminationSystem_API\ExaminationSystem_API.csproj", "{8F6075E6-2413-4A20-BF79-B1FEECDEAC6B}"
EndProject
Global
	GlobalSection(SolutionConfigurationPlatforms) = preSolution
		Debug|Any CPU = Debug|Any CPU
		Release|Any CPU = Release|Any CPU
	EndGlobalSection
	GlobalSection(ProjectConfigurationPlatforms) = postSolution
		{8F6075E6-2413-4A20-BF79-B1FEECDEAC6B}.Debug|Any CPU.ActiveCfg = Debug|Any CPU
		{8F6075E6-2413-4A20-BF79-B1FEECDEAC6B}.Debug|Any CPU.Build.0 = Debug|Any CPU
		{8F6075E6-2413-4A20-BF79-B1FEECDEAC6B}.Release|Any CPU.ActiveCfg = Release|Any CPU
		{8F6075E6-2413-4A20-BF79-B1FEECDEAC6B}.Release|Any CPU.Build.0 = Release|Any CPU
	EndGlobalSection
	GlobalSection(SolutionProperties) = preSolution
		HideSolutionNode = FALSE
	EndGlobalSection
	GlobalSection(ExtensibilityGlobals) = postSolution
		SolutionGuid = {1437B923-9559-4DAB-A08C-C168A2ABB702}
	EndGlobalSection
EndGlobal
